
Microsoft Visual Studio Solution File, Format Version 12.00
# Visual Studio Version 16
VisualStudioVersion = 16.0.31613.86
MinimumVisualStudioVersion = 10.0.40219.1
Project("{9A19103F-16F7-4668-BE54-9A1E7A4F7556}") = "GameOfLife", "GameOfLife\GameOfLife.csproj", "{9365A0B9-B6E1-49FF-9A2C-6A1AE7D8B291}"
EndProject
Project("{9A19103F-16F7-4668-BE54-9A1E7A4F7556}") = "GameOfLife_Raisa", "GameOfLife_Raisa\GameOfLife_Raisa.csproj", "{20A1F2AE-DB9E-48C5-AB91-37DB560DC54F}"
EndProject
Project("{9A19103F-16F7-4668-BE54-9A1E7A4F7556}") = "GameOfLife_Raisa_Test", "GameOfLife_Test\GameOfLife_Raisa_Test.csproj", "{06D81542-0CB0-422B-8431-32677D0D158B}"
EndProject
Global
	GlobalSection(SolutionConfigurationPlatforms) = preSolution
		Debug|Any CPU = Debug|Any CPU
		Release|Any CPU = Release|Any CPU
	EndGlobalSection
	GlobalSection(ProjectConfigurationPlatforms) = postSolution
		{9365A0B9-B6E1-49FF-9A2C-6A1AE7D8B291}.Debug|Any CPU.ActiveCfg = Debug|Any CPU
		{9365A0B9-B6E1-49FF-9A2C-6A1AE7D8B291}.Debug|Any CPU.Build.0 = Debug|Any CPU
		{9365A0B9-B6E1-49FF-9A2C-6A1AE7D8B291}.Release|Any CPU.ActiveCfg = Release|Any CPU
		{9365A0B9-B6E1-49FF-9A2C-6A1AE7D8B291}.Release|Any CPU.Build.0 = Release|Any CPU
		{20A1F2AE-DB9E-48C5-AB91-37DB560DC54F}.Debug|Any CPU.ActiveCfg = Debug|Any CPU
		{20A1F2AE-DB9E-48C5-AB91-37DB560DC54F}.Debug|Any CPU.Build.0 = Debug|Any CPU
		{20A1F2AE-DB9E-48C5-AB91-37DB560DC54F}.Release|Any CPU.ActiveCfg = Release|Any CPU
		{20A1F2AE-DB9E-48C5-AB91-37DB560DC54F}.Release|Any CPU.Build.0 = Release|Any CPU
		{06D81542-0CB0-422B-8431-32677D0D158B}.Debug|Any CPU.ActiveCfg = Debug|Any CPU
		{06D81542-0CB0-422B-8431-32677D0D158B}.Debug|Any CPU.Build.0 = Debug|Any CPU
		{06D81542-0CB0-422B-8431-32677D0D158B}.Release|Any CPU.ActiveCfg = Release|Any CPU
		{06D81542-0CB0-422B-8431-32677D0D158B}.Release|Any CPU.Build.0 = Release|Any CPU
	EndGlobalSection
	GlobalSection(SolutionProperties) = preSolution
		HideSolutionNode = FALSE
	EndGlobalSection
	GlobalSection(ExtensibilityGlobals) = postSolution
		SolutionGuid = {815DCB87-06F1-4170-B07A-EF156C8A1CF7}
	EndGlobalSection
EndGlobal
